
Microsoft Visual Studio Solution File, Format Version 12.00
# Visual Studio Version 17
VisualStudioVersion = 17.4.33213.308
MinimumVisualStudioVersion = 10.0.40219.1
Project("{FAE04EC0-301F-11D3-BF4B-00C04F79EFBC}") = "proyecto_pila", "proyecto_pila.csproj", "{A7DE1FAD-1D3A-42F4-AF25-34ED0002F3D1}"
EndProject
Global
	GlobalSection(SolutionConfigurationPlatforms) = preSolution
		Debug|Any CPU = Debug|Any CPU
		Release|Any CPU = Release|Any CPU
	EndGlobalSection
	GlobalSection(ProjectConfigurationPlatforms) = postSolution
		{A7DE1FAD-1D3A-42F4-AF25-34ED0002F3D1}.Debug|Any CPU.ActiveCfg = Debug|Any CPU
		{A7DE1FAD-1D3A-42F4-AF25-34ED0002F3D1}.Debug|Any CPU.Build.0 = Debug|Any CPU
		{A7DE1FAD-1D3A-42F4-AF25-34ED0002F3D1}.Release|Any CPU.ActiveCfg = Release|Any CPU
		{A7DE1FAD-1D3A-42F4-AF25-34ED0002F3D1}.Release|Any CPU.Build.0 = Release|Any CPU
	EndGlobalSection
	GlobalSection(SolutionProperties) = preSolution
		HideSolutionNode = FALSE
	EndGlobalSection
	GlobalSection(ExtensibilityGlobals) = postSolution
		SolutionGuid = {05637BA6-3C93-4DAB-8B0A-522F53759676}
	EndGlobalSection
EndGlobal
